// !$*UTF8*$!
{
	archiveVersion = 1;
	classes = {
	};
	objectVersion = 46;
	objects = {

/* Begin PBXBuildFile section */
		A8F86A111B291105000DA625 /* main.m in Sources */ = {isa = PBXBuildFile; fileRef = A8F86A101B291105000DA625 /* main.m */; };
		A8F86A141B291105000DA625 /* AppDelegate.m in Sources */ = {isa = PBXBuildFile; fileRef = A8F86A131B291105000DA625 /* AppDelegate.m */; };
		A8F86A1A1B291105000DA625 /* Main.storyboard in Resources */ = {isa = PBXBuildFile; fileRef = A8F86A181B291105000DA625 /* Main.storyboard */; };
		A8F86A1C1B291105000DA625 /* Images.xcassets in Resources */ = {isa = PBXBuildFile; fileRef = A8F86A1B1B291105000DA625 /* Images.xcassets */; };
		A8F86A1F1B291105000DA625 /* LaunchScreen.xib in Resources */ = {isa = PBXBuildFile; fileRef = A8F86A1D1B291105000DA625 /* LaunchScreen.xib */; };
		A8F86A2B1B291105000DA625 /* tweetbizzTests.m in Sources */ = {isa = PBXBuildFile; fileRef = A8F86A2A1B291105000DA625 /* tweetbizzTests.m */; };
		A8F86A551B291335000DA625 /* NSDateFormatter+STTwitter.m in Sources */ = {isa = PBXBuildFile; fileRef = A8F86A361B291335000DA625 /* NSDateFormatter+STTwitter.m */; };
		A8F86A561B291335000DA625 /* NSError+STTwitter.m in Sources */ = {isa = PBXBuildFile; fileRef = A8F86A381B291335000DA625 /* NSError+STTwitter.m */; };
		A8F86A571B291335000DA625 /* NSString+STTwitter.m in Sources */ = {isa = PBXBuildFile; fileRef = A8F86A3A1B291335000DA625 /* NSString+STTwitter.m */; };
		A8F86A581B291335000DA625 /* STHTTPRequest+STTwitter.m in Sources */ = {isa = PBXBuildFile; fileRef = A8F86A3C1B291335000DA625 /* STHTTPRequest+STTwitter.m */; };
		A8F86A591B291335000DA625 /* STTwitterAPI.m in Sources */ = {isa = PBXBuildFile; fileRef = A8F86A3F1B291335000DA625 /* STTwitterAPI.m */; };
		A8F86A5A1B291335000DA625 /* STTwitterAppOnly.m in Sources */ = {isa = PBXBuildFile; fileRef = A8F86A411B291335000DA625 /* STTwitterAppOnly.m */; };
		A8F86A5B1B291335000DA625 /* STTwitterHTML.m in Sources */ = {isa = PBXBuildFile; fileRef = A8F86A431B291335000DA625 /* STTwitterHTML.m */; };
		A8F86A5C1B291335000DA625 /* STTwitterOAuth.m in Sources */ = {isa = PBXBuildFile; fileRef = A8F86A451B291335000DA625 /* STTwitterOAuth.m */; };
		A8F86A5D1B291335000DA625 /* STTwitterOS.m in Sources */ = {isa = PBXBuildFile; fileRef = A8F86A471B291335000DA625 /* STTwitterOS.m */; };
		A8F86A5E1B291335000DA625 /* STTwitterOSRequest.m in Sources */ = {isa = PBXBuildFile; fileRef = A8F86A491B291335000DA625 /* STTwitterOSRequest.m */; };
		A8F86A5F1B291335000DA625 /* STTwitterStreamParser.m in Sources */ = {isa = PBXBuildFile; fileRef = A8F86A4D1B291335000DA625 /* STTwitterStreamParser.m */; };
		A8F86A601B291335000DA625 /* BAVPlistNode.m in Sources */ = {isa = PBXBuildFile; fileRef = A8F86A501B291335000DA625 /* BAVPlistNode.m */; };
		A8F86A611B291335000DA625 /* JSONSyntaxHighlight.m in Sources */ = {isa = PBXBuildFile; fileRef = A8F86A521B291335000DA625 /* JSONSyntaxHighlight.m */; };
		A8F86A621B291335000DA625 /* STHTTPRequest.m in Sources */ = {isa = PBXBuildFile; fileRef = A8F86A541B291335000DA625 /* STHTTPRequest.m */; };
		A8F86A641B29136F000DA625 /* Accounts.framework in Frameworks */ = {isa = PBXBuildFile; fileRef = A8F86A631B29136F000DA625 /* Accounts.framework */; };
		A8F86A661B291379000DA625 /* Social.framework in Frameworks */ = {isa = PBXBuildFile; fileRef = A8F86A651B291379000DA625 /* Social.framework */; };
		A8F86A681B291388000DA625 /* Twitter.framework in Frameworks */ = {isa = PBXBuildFile; fileRef = A8F86A671B291388000DA625 /* Twitter.framework */; };
		A8F86A6C1B291FDD000DA625 /* Bolts.framework in Frameworks */ = {isa = PBXBuildFile; fileRef = A8F86A6A1B291FDD000DA625 /* Bolts.framework */; };
		A8F86A6D1B291FDD000DA625 /* Parse.framework in Frameworks */ = {isa = PBXBuildFile; fileRef = A8F86A6B1B291FDD000DA625 /* Parse.framework */; };
		A8F86A6F1B292035000DA625 /* AudioToolbox.framework in Frameworks */ = {isa = PBXBuildFile; fileRef = A8F86A6E1B292035000DA625 /* AudioToolbox.framework */; };
		A8F86A711B292040000DA625 /* CFNetwork.framework in Frameworks */ = {isa = PBXBuildFile; fileRef = A8F86A701B292040000DA625 /* CFNetwork.framework */; };
		A8F86A731B292048000DA625 /* CoreGraphics.framework in Frameworks */ = {isa = PBXBuildFile; fileRef = A8F86A721B292048000DA625 /* CoreGraphics.framework */; };
		A8F86A751B292053000DA625 /* CoreLocation.framework in Frameworks */ = {isa = PBXBuildFile; fileRef = A8F86A741B292053000DA625 /* CoreLocation.framework */; };
		A8F86A771B29205C000DA625 /* MobileCoreServices.framework in Frameworks */ = {isa = PBXBuildFile; fileRef = A8F86A761B29205C000DA625 /* MobileCoreServices.framework */; };
		A8F86A791B292068000DA625 /* QuartzCore.framework in Frameworks */ = {isa = PBXBuildFile; fileRef = A8F86A781B292068000DA625 /* QuartzCore.framework */; };
		A8F86A7B1B292071000DA625 /* Security.framework in Frameworks */ = {isa = PBXBuildFile; fileRef = A8F86A7A1B292071000DA625 /* Security.framework */; };
		A8F86A7D1B29207F000DA625 /* StoreKit.framework in Frameworks */ = {isa = PBXBuildFile; fileRef = A8F86A7C1B29207F000DA625 /* StoreKit.framework */; };
		A8F86A7F1B29208A000DA625 /* SystemConfiguration.framework in Frameworks */ = {isa = PBXBuildFile; fileRef = A8F86A7E1B29208A000DA625 /* SystemConfiguration.framework */; };
		A8F86A811B292097000DA625 /* libz.dylib in Frameworks */ = {isa = PBXBuildFile; fileRef = A8F86A801B292097000DA625 /* libz.dylib */; };
		A8F86A831B2920A4000DA625 /* libsqlite3.dylib in Frameworks */ = {isa = PBXBuildFile; fileRef = A8F86A821B2920A4000DA625 /* libsqlite3.dylib */; };
		A8FB0D501B2A3A1B00E051BA /* LoginViewController.m in Sources */ = {isa = PBXBuildFile; fileRef = A8FB0D4F1B2A3A1B00E051BA /* LoginViewController.m */; };
/* End PBXBuildFile section */

/* Begin PBXContainerItemProxy section */
		A8F86A251B291105000DA625 /* PBXContainerItemProxy */ = {
			isa = PBXContainerItemProxy;
			containerPortal = A8F86A031B291104000DA625 /* Project object */;
			proxyType = 1;
			remoteGlobalIDString = A8F86A0A1B291104000DA625;
			remoteInfo = tweetbizz;
		};
/* End PBXContainerItemProxy section */

/* Begin PBXFileReference section */
		A8F86A0B1B291105000DA625 /* tweetbizz.app */ = {isa = PBXFileReference; explicitFileType = wrapper.application; includeInIndex = 0; path = tweetbizz.app; sourceTree = BUILT_PRODUCTS_DIR; };
		A8F86A0F1B291105000DA625 /* Info.plist */ = {isa = PBXFileReference; lastKnownFileType = text.plist.xml; path = Info.plist; sourceTree = "<group>"; };
		A8F86A101B291105000DA625 /* main.m */ = {isa = PBXFileReference; lastKnownFileType = sourcecode.c.objc; path = main.m; sourceTree = "<group>"; };
		A8F86A121B291105000DA625 /* AppDelegate.h */ = {isa = PBXFileReference; lastKnownFileType = sourcecode.c.h; path = AppDelegate.h; sourceTree = "<group>"; };
		A8F86A131B291105000DA625 /* AppDelegate.m */ = {isa = PBXFileReference; lastKnownFileType = sourcecode.c.objc; path = AppDelegate.m; sourceTree = "<group>"; };
		A8F86A191B291105000DA625 /* Base */ = {isa = PBXFileReference; lastKnownFileType = file.storyboard; name = Base; path = Base.lproj/Main.storyboard; sourceTree = "<group>"; };
		A8F86A1B1B291105000DA625 /* Images.xcassets */ = {isa = PBXFileReference; lastKnownFileType = folder.assetcatalog; path = Images.xcassets; sourceTree = "<group>"; };
		A8F86A1E1B291105000DA625 /* Base */ = {isa = PBXFileReference; lastKnownFileType = file.xib; name = Base; path = Base.lproj/LaunchScreen.xib; sourceTree = "<group>"; };
		A8F86A241B291105000DA625 /* tweetbizzTests.xctest */ = {isa = PBXFileReference; explicitFileType = wrapper.cfbundle; includeInIndex = 0; path = tweetbizzTests.xctest; sourceTree = BUILT_PRODUCTS_DIR; };
		A8F86A291B291105000DA625 /* Info.plist */ = {isa = PBXFileReference; lastKnownFileType = text.plist.xml; path = Info.plist; sourceTree = "<group>"; };
		A8F86A2A1B291105000DA625 /* tweetbizzTests.m */ = {isa = PBXFileReference; lastKnownFileType = sourcecode.c.objc; path = tweetbizzTests.m; sourceTree = "<group>"; };
		A8F86A351B291335000DA625 /* NSDateFormatter+STTwitter.h */ = {isa = PBXFileReference; fileEncoding = 4; lastKnownFileType = sourcecode.c.h; path = "NSDateFormatter+STTwitter.h"; sourceTree = "<group>"; };
		A8F86A361B291335000DA625 /* NSDateFormatter+STTwitter.m */ = {isa = PBXFileReference; fileEncoding = 4; lastKnownFileType = sourcecode.c.objc; path = "NSDateFormatter+STTwitter.m"; sourceTree = "<group>"; };
		A8F86A371B291335000DA625 /* NSError+STTwitter.h */ = {isa = PBXFileReference; fileEncoding = 4; lastKnownFileType = sourcecode.c.h; path = "NSError+STTwitter.h"; sourceTree = "<group>"; };
		A8F86A381B291335000DA625 /* NSError+STTwitter.m */ = {isa = PBXFileReference; fileEncoding = 4; lastKnownFileType = sourcecode.c.objc; path = "NSError+STTwitter.m"; sourceTree = "<group>"; };
		A8F86A391B291335000DA625 /* NSString+STTwitter.h */ = {isa = PBXFileReference; fileEncoding = 4; lastKnownFileType = sourcecode.c.h; path = "NSString+STTwitter.h"; sourceTree = "<group>"; };
		A8F86A3A1B291335000DA625 /* NSString+STTwitter.m */ = {isa = PBXFileReference; fileEncoding = 4; lastKnownFileType = sourcecode.c.objc; path = "NSString+STTwitter.m"; sourceTree = "<group>"; };
		A8F86A3B1B291335000DA625 /* STHTTPRequest+STTwitter.h */ = {isa = PBXFileReference; fileEncoding = 4; lastKnownFileType = sourcecode.c.h; path = "STHTTPRequest+STTwitter.h"; sourceTree = "<group>"; };
		A8F86A3C1B291335000DA625 /* STHTTPRequest+STTwitter.m */ = {isa = PBXFileReference; fileEncoding = 4; lastKnownFileType = sourcecode.c.objc; path = "STHTTPRequest+STTwitter.m"; sourceTree = "<group>"; };
		A8F86A3D1B291335000DA625 /* STTwitter.h */ = {isa = PBXFileReference; fileEncoding = 4; lastKnownFileType = sourcecode.c.h; path = STTwitter.h; sourceTree = "<group>"; };
		A8F86A3E1B291335000DA625 /* STTwitterAPI.h */ = {isa = PBXFileReference; fileEncoding = 4; lastKnownFileType = sourcecode.c.h; path = STTwitterAPI.h; sourceTree = "<group>"; };
		A8F86A3F1B291335000DA625 /* STTwitterAPI.m */ = {isa = PBXFileReference; fileEncoding = 4; lastKnownFileType = sourcecode.c.objc; path = STTwitterAPI.m; sourceTree = "<group>"; };
		A8F86A401B291335000DA625 /* STTwitterAppOnly.h */ = {isa = PBXFileReference; fileEncoding = 4; lastKnownFileType = sourcecode.c.h; path = STTwitterAppOnly.h; sourceTree = "<group>"; };
		A8F86A411B291335000DA625 /* STTwitterAppOnly.m */ = {isa = PBXFileReference; fileEncoding = 4; lastKnownFileType = sourcecode.c.objc; path = STTwitterAppOnly.m; sourceTree = "<group>"; };
		A8F86A421B291335000DA625 /* STTwitterHTML.h */ = {isa = PBXFileReference; fileEncoding = 4; lastKnownFileType = sourcecode.c.h; path = STTwitterHTML.h; sourceTree = "<group>"; };
		A8F86A431B291335000DA625 /* STTwitterHTML.m */ = {isa = PBXFileReference; fileEncoding = 4; lastKnownFileType = sourcecode.c.objc; path = STTwitterHTML.m; sourceTree = "<group>"; };
		A8F86A441B291335000DA625 /* STTwitterOAuth.h */ = {isa = PBXFileReference; fileEncoding = 4; lastKnownFileType = sourcecode.c.h; path = STTwitterOAuth.h; sourceTree = "<group>"; };
		A8F86A451B291335000DA625 /* STTwitterOAuth.m */ = {isa = PBXFileReference; fileEncoding = 4; lastKnownFileType = sourcecode.c.objc; path = STTwitterOAuth.m; sourceTree = "<group>"; };
		A8F86A461B291335000DA625 /* STTwitterOS.h */ = {isa = PBXFileReference; fileEncoding = 4; lastKnownFileType = sourcecode.c.h; path = STTwitterOS.h; sourceTree = "<group>"; };
		A8F86A471B291335000DA625 /* STTwitterOS.m */ = {isa = PBXFileReference; fileEncoding = 4; lastKnownFileType = sourcecode.c.objc; path = STTwitterOS.m; sourceTree = "<group>"; };
		A8F86A481B291335000DA625 /* STTwitterOSRequest.h */ = {isa = PBXFileReference; fileEncoding = 4; lastKnownFileType = sourcecode.c.h; path = STTwitterOSRequest.h; sourceTree = "<group>"; };
		A8F86A491B291335000DA625 /* STTwitterOSRequest.m */ = {isa = PBXFileReference; fileEncoding = 4; lastKnownFileType = sourcecode.c.objc; path = STTwitterOSRequest.m; sourceTree = "<group>"; };
		A8F86A4A1B291335000DA625 /* STTwitterProtocol.h */ = {isa = PBXFileReference; fileEncoding = 4; lastKnownFileType = sourcecode.c.h; path = STTwitterProtocol.h; sourceTree = "<group>"; };
		A8F86A4B1B291335000DA625 /* STTwitterRequestProtocol.h */ = {isa = PBXFileReference; fileEncoding = 4; lastKnownFileType = sourcecode.c.h; path = STTwitterRequestProtocol.h; sourceTree = "<group>"; };
		A8F86A4C1B291335000DA625 /* STTwitterStreamParser.h */ = {isa = PBXFileReference; fileEncoding = 4; lastKnownFileType = sourcecode.c.h; path = STTwitterStreamParser.h; sourceTree = "<group>"; };
		A8F86A4D1B291335000DA625 /* STTwitterStreamParser.m */ = {isa = PBXFileReference; fileEncoding = 4; lastKnownFileType = sourcecode.c.objc; path = STTwitterStreamParser.m; sourceTree = "<group>"; };
		A8F86A4F1B291335000DA625 /* BAVPlistNode.h */ = {isa = PBXFileReference; fileEncoding = 4; lastKnownFileType = sourcecode.c.h; path = BAVPlistNode.h; sourceTree = "<group>"; };
		A8F86A501B291335000DA625 /* BAVPlistNode.m */ = {isa = PBXFileReference; fileEncoding = 4; lastKnownFileType = sourcecode.c.objc; path = BAVPlistNode.m; sourceTree = "<group>"; };
		A8F86A511B291335000DA625 /* JSONSyntaxHighlight.h */ = {isa = PBXFileReference; fileEncoding = 4; lastKnownFileType = sourcecode.c.h; path = JSONSyntaxHighlight.h; sourceTree = "<group>"; };
		A8F86A521B291335000DA625 /* JSONSyntaxHighlight.m */ = {isa = PBXFileReference; fileEncoding = 4; lastKnownFileType = sourcecode.c.objc; path = JSONSyntaxHighlight.m; sourceTree = "<group>"; };
		A8F86A531B291335000DA625 /* STHTTPRequest.h */ = {isa = PBXFileReference; fileEncoding = 4; lastKnownFileType = sourcecode.c.h; path = STHTTPRequest.h; sourceTree = "<group>"; };
		A8F86A541B291335000DA625 /* STHTTPRequest.m */ = {isa = PBXFileReference; fileEncoding = 4; lastKnownFileType = sourcecode.c.objc; path = STHTTPRequest.m; sourceTree = "<group>"; };
		A8F86A631B29136F000DA625 /* Accounts.framework */ = {isa = PBXFileReference; lastKnownFileType = wrapper.framework; name = Accounts.framework; path = System/Library/Frameworks/Accounts.framework; sourceTree = SDKROOT; };
		A8F86A651B291379000DA625 /* Social.framework */ = {isa = PBXFileReference; lastKnownFileType = wrapper.framework; name = Social.framework; path = System/Library/Frameworks/Social.framework; sourceTree = SDKROOT; };
		A8F86A671B291388000DA625 /* Twitter.framework */ = {isa = PBXFileReference; lastKnownFileType = wrapper.framework; name = Twitter.framework; path = System/Library/Frameworks/Twitter.framework; sourceTree = SDKROOT; };
		A8F86A6A1B291FDD000DA625 /* Bolts.framework */ = {isa = PBXFileReference; lastKnownFileType = wrapper.framework; path = Bolts.framework; sourceTree = "<group>"; };
		A8F86A6B1B291FDD000DA625 /* Parse.framework */ = {isa = PBXFileReference; lastKnownFileType = wrapper.framework; path = Parse.framework; sourceTree = "<group>"; };
		A8F86A6E1B292035000DA625 /* AudioToolbox.framework */ = {isa = PBXFileReference; lastKnownFileType = wrapper.framework; name = AudioToolbox.framework; path = System/Library/Frameworks/AudioToolbox.framework; sourceTree = SDKROOT; };
		A8F86A701B292040000DA625 /* CFNetwork.framework */ = {isa = PBXFileReference; lastKnownFileType = wrapper.framework; name = CFNetwork.framework; path = System/Library/Frameworks/CFNetwork.framework; sourceTree = SDKROOT; };
		A8F86A721B292048000DA625 /* CoreGraphics.framework */ = {isa = PBXFileReference; lastKnownFileType = wrapper.framework; name = CoreGraphics.framework; path = System/Library/Frameworks/CoreGraphics.framework; sourceTree = SDKROOT; };
		A8F86A741B292053000DA625 /* CoreLocation.framework */ = {isa = PBXFileReference; lastKnownFileType = wrapper.framework; name = CoreLocation.framework; path = System/Library/Frameworks/CoreLocation.framework; sourceTree = SDKROOT; };
		A8F86A761B29205C000DA625 /* MobileCoreServices.framework */ = {isa = PBXFileReference; lastKnownFileType = wrapper.framework; name = MobileCoreServices.framework; path = System/Library/Frameworks/MobileCoreServices.framework; sourceTree = SDKROOT; };
		A8F86A781B292068000DA625 /* QuartzCore.framework */ = {isa = PBXFileReference; lastKnownFileType = wrapper.framework; name = QuartzCore.framework; path = System/Library/Frameworks/QuartzCore.framework; sourceTree = SDKROOT; };
		A8F86A7A1B292071000DA625 /* Security.framework */ = {isa = PBXFileReference; lastKnownFileType = wrapper.framework; name = Security.framework; path = System/Library/Frameworks/Security.framework; sourceTree = SDKROOT; };
		A8F86A7C1B29207F000DA625 /* StoreKit.framework */ = {isa = PBXFileReference; lastKnownFileType = wrapper.framework; name = StoreKit.framework; path = System/Library/Frameworks/StoreKit.framework; sourceTree = SDKROOT; };
		A8F86A7E1B29208A000DA625 /* SystemConfiguration.framework */ = {isa = PBXFileReference; lastKnownFileType = wrapper.framework; name = SystemConfiguration.framework; path = System/Library/Frameworks/SystemConfiguration.framework; sourceTree = SDKROOT; };
		A8F86A801B292097000DA625 /* libz.dylib */ = {isa = PBXFileReference; lastKnownFileType = "compiled.mach-o.dylib"; name = libz.dylib; path = usr/lib/libz.dylib; sourceTree = SDKROOT; };
		A8F86A821B2920A4000DA625 /* libsqlite3.dylib */ = {isa = PBXFileReference; lastKnownFileType = "compiled.mach-o.dylib"; name = libsqlite3.dylib; path = usr/lib/libsqlite3.dylib; sourceTree = SDKROOT; };
		A8FB0D4E1B2A3A1B00E051BA /* LoginViewController.h */ = {isa = PBXFileReference; fileEncoding = 4; lastKnownFileType = sourcecode.c.h; path = LoginViewController.h; sourceTree = "<group>"; };
		A8FB0D4F1B2A3A1B00E051BA /* LoginViewController.m */ = {isa = PBXFileReference; fileEncoding = 4; lastKnownFileType = sourcecode.c.objc; path = LoginViewController.m; sourceTree = "<group>"; };
/* End PBXFileReference section */

/* Begin PBXFrameworksBuildPhase section */
		A8F86A081B291104000DA625 /* Frameworks */ = {
			isa = PBXFrameworksBuildPhase;
			buildActionMask = 2147483647;
			files = (
				A8F86A831B2920A4000DA625 /* libsqlite3.dylib in Frameworks */,
				A8F86A811B292097000DA625 /* libz.dylib in Frameworks */,
				A8F86A7F1B29208A000DA625 /* SystemConfiguration.framework in Frameworks */,
				A8F86A7D1B29207F000DA625 /* StoreKit.framework in Frameworks */,
				A8F86A7B1B292071000DA625 /* Security.framework in Frameworks */,
				A8F86A791B292068000DA625 /* QuartzCore.framework in Frameworks */,
				A8F86A771B29205C000DA625 /* MobileCoreServices.framework in Frameworks */,
				A8F86A751B292053000DA625 /* CoreLocation.framework in Frameworks */,
				A8F86A731B292048000DA625 /* CoreGraphics.framework in Frameworks */,
				A8F86A711B292040000DA625 /* CFNetwork.framework in Frameworks */,
				A8F86A6F1B292035000DA625 /* AudioToolbox.framework in Frameworks */,
				A8F86A681B291388000DA625 /* Twitter.framework in Frameworks */,
				A8F86A661B291379000DA625 /* Social.framework in Frameworks */,
				A8F86A641B29136F000DA625 /* Accounts.framework in Frameworks */,
				A8F86A6C1B291FDD000DA625 /* Bolts.framework in Frameworks */,
				A8F86A6D1B291FDD000DA625 /* Parse.framework in Frameworks */,
			);
			runOnlyForDeploymentPostprocessing = 0;
		};
		A8F86A211B291105000DA625 /* Frameworks */ = {
			isa = PBXFrameworksBuildPhase;
			buildActionMask = 2147483647;
			files = (
			);
			runOnlyForDeploymentPostprocessing = 0;
		};
/* End PBXFrameworksBuildPhase section */

/* Begin PBXGroup section */
		A8F86A021B291104000DA625 = {
			isa = PBXGroup;
			children = (
				A8F86A0D1B291105000DA625 /* tweetbizz */,
				A8F86A271B291105000DA625 /* tweetbizzTests */,
				A8F86A0C1B291105000DA625 /* Products */,
			);
			sourceTree = "<group>";
		};
		A8F86A0C1B291105000DA625 /* Products */ = {
			isa = PBXGroup;
			children = (
				A8F86A0B1B291105000DA625 /* tweetbizz.app */,
				A8F86A241B291105000DA625 /* tweetbizzTests.xctest */,
			);
			name = Products;
			sourceTree = "<group>";
		};
		A8F86A0D1B291105000DA625 /* tweetbizz */ = {
			isa = PBXGroup;
			children = (
				A8F86A121B291105000DA625 /* AppDelegate.h */,
				A8F86A131B291105000DA625 /* AppDelegate.m */,
				A8FB0D4E1B2A3A1B00E051BA /* LoginViewController.h */,
				A8FB0D4F1B2A3A1B00E051BA /* LoginViewController.m */,
				A8F86A181B291105000DA625 /* Main.storyboard */,
				A8F86A1B1B291105000DA625 /* Images.xcassets */,
				A8F86A1D1B291105000DA625 /* LaunchScreen.xib */,
				A8F86A841B2920BD000DA625 /* Frameworks */,
				A8F86A341B291335000DA625 /* STTwitter */,
				A8F86A0E1B291105000DA625 /* Supporting Files */,
			);
			path = tweetbizz;
			sourceTree = "<group>";
		};
		A8F86A0E1B291105000DA625 /* Supporting Files */ = {
			isa = PBXGroup;
			children = (
				A8F86A0F1B291105000DA625 /* Info.plist */,
				A8F86A101B291105000DA625 /* main.m */,
			);
			name = "Supporting Files";
			sourceTree = "<group>";
		};
		A8F86A271B291105000DA625 /* tweetbizzTests */ = {
			isa = PBXGroup;
			children = (
				A8F86A2A1B291105000DA625 /* tweetbizzTests.m */,
				A8F86A281B291105000DA625 /* Supporting Files */,
			);
			path = tweetbizzTests;
			sourceTree = "<group>";
		};
		A8F86A281B291105000DA625 /* Supporting Files */ = {
			isa = PBXGroup;
			children = (
				A8F86A291B291105000DA625 /* Info.plist */,
			);
			name = "Supporting Files";
			sourceTree = "<group>";
		};
		A8F86A341B291335000DA625 /* STTwitter */ = {
			isa = PBXGroup;
			children = (
				A8F86A351B291335000DA625 /* NSDateFormatter+STTwitter.h */,
				A8F86A361B291335000DA625 /* NSDateFormatter+STTwitter.m */,
				A8F86A371B291335000DA625 /* NSError+STTwitter.h */,
				A8F86A381B291335000DA625 /* NSError+STTwitter.m */,
				A8F86A391B291335000DA625 /* NSString+STTwitter.h */,
				A8F86A3A1B291335000DA625 /* NSString+STTwitter.m */,
				A8F86A3B1B291335000DA625 /* STHTTPRequest+STTwitter.h */,
				A8F86A3C1B291335000DA625 /* STHTTPRequest+STTwitter.m */,
				A8F86A3D1B291335000DA625 /* STTwitter.h */,
				A8F86A3E1B291335000DA625 /* STTwitterAPI.h */,
				A8F86A3F1B291335000DA625 /* STTwitterAPI.m */,
				A8F86A401B291335000DA625 /* STTwitterAppOnly.h */,
				A8F86A411B291335000DA625 /* STTwitterAppOnly.m */,
				A8F86A421B291335000DA625 /* STTwitterHTML.h */,
				A8F86A431B291335000DA625 /* STTwitterHTML.m */,
				A8F86A441B291335000DA625 /* STTwitterOAuth.h */,
				A8F86A451B291335000DA625 /* STTwitterOAuth.m */,
				A8F86A461B291335000DA625 /* STTwitterOS.h */,
				A8F86A471B291335000DA625 /* STTwitterOS.m */,
				A8F86A481B291335000DA625 /* STTwitterOSRequest.h */,
				A8F86A491B291335000DA625 /* STTwitterOSRequest.m */,
				A8F86A4A1B291335000DA625 /* STTwitterProtocol.h */,
				A8F86A4B1B291335000DA625 /* STTwitterRequestProtocol.h */,
				A8F86A4C1B291335000DA625 /* STTwitterStreamParser.h */,
				A8F86A4D1B291335000DA625 /* STTwitterStreamParser.m */,
				A8F86A4E1B291335000DA625 /* Vendor */,
			);
			path = STTwitter;
			sourceTree = "<group>";
		};
		A8F86A4E1B291335000DA625 /* Vendor */ = {
			isa = PBXGroup;
			children = (
				A8F86A4F1B291335000DA625 /* BAVPlistNode.h */,
				A8F86A501B291335000DA625 /* BAVPlistNode.m */,
				A8F86A511B291335000DA625 /* JSONSyntaxHighlight.h */,
				A8F86A521B291335000DA625 /* JSONSyntaxHighlight.m */,
				A8F86A531B291335000DA625 /* STHTTPRequest.h */,
				A8F86A541B291335000DA625 /* STHTTPRequest.m */,
			);
			path = Vendor;
			sourceTree = "<group>";
		};
		A8F86A841B2920BD000DA625 /* Frameworks */ = {
			isa = PBXGroup;
			children = (
				A8F86A821B2920A4000DA625 /* libsqlite3.dylib */,
				A8F86A801B292097000DA625 /* libz.dylib */,
				A8F86A7E1B29208A000DA625 /* SystemConfiguration.framework */,
				A8F86A7C1B29207F000DA625 /* StoreKit.framework */,
				A8F86A7A1B292071000DA625 /* Security.framework */,
				A8F86A781B292068000DA625 /* QuartzCore.framework */,
				A8F86A761B29205C000DA625 /* MobileCoreServices.framework */,
				A8F86A741B292053000DA625 /* CoreLocation.framework */,
				A8F86A721B292048000DA625 /* CoreGraphics.framework */,
				A8F86A701B292040000DA625 /* CFNetwork.framework */,
				A8F86A6E1B292035000DA625 /* AudioToolbox.framework */,
				A8F86A6A1B291FDD000DA625 /* Bolts.framework */,
				A8F86A6B1B291FDD000DA625 /* Parse.framework */,
				A8F86A671B291388000DA625 /* Twitter.framework */,
				A8F86A651B291379000DA625 /* Social.framework */,
				A8F86A631B29136F000DA625 /* Accounts.framework */,
			);
			name = Frameworks;
			path = ..;
			sourceTree = "<group>";
		};
/* End PBXGroup section */

/* Begin PBXNativeTarget section */
		A8F86A0A1B291104000DA625 /* tweetbizz */ = {
			isa = PBXNativeTarget;
			buildConfigurationList = A8F86A2E1B291105000DA625 /* Build configuration list for PBXNativeTarget "tweetbizz" */;
			buildPhases = (
				A8F86A071B291104000DA625 /* Sources */,
				A8F86A081B291104000DA625 /* Frameworks */,
				A8F86A091B291104000DA625 /* Resources */,
			);
			buildRules = (
			);
			dependencies = (
			);
			name = tweetbizz;
			productName = tweetbizz;
			productReference = A8F86A0B1B291105000DA625 /* tweetbizz.app */;
			productType = "com.apple.product-type.application";
		};
		A8F86A231B291105000DA625 /* tweetbizzTests */ = {
			isa = PBXNativeTarget;
			buildConfigurationList = A8F86A311B291105000DA625 /* Build configuration list for PBXNativeTarget "tweetbizzTests" */;
			buildPhases = (
				A8F86A201B291105000DA625 /* Sources */,
				A8F86A211B291105000DA625 /* Frameworks */,
				A8F86A221B291105000DA625 /* Resources */,
			);
			buildRules = (
			);
			dependencies = (
				A8F86A261B291105000DA625 /* PBXTargetDependency */,
			);
			name = tweetbizzTests;
			productName = tweetbizzTests;
			productReference = A8F86A241B291105000DA625 /* tweetbizzTests.xctest */;
			productType = "com.apple.product-type.bundle.unit-test";
		};
/* End PBXNativeTarget section */

/* Begin PBXProject section */
		A8F86A031B291104000DA625 /* Project object */ = {
			isa = PBXProject;
			attributes = {
				LastUpgradeCheck = 0630;
				ORGANIZATIONNAME = "Jordan Anderson";
				TargetAttributes = {
					A8F86A0A1B291104000DA625 = {
						CreatedOnToolsVersion = 6.3.2;
					};
					A8F86A231B291105000DA625 = {
						CreatedOnToolsVersion = 6.3.2;
						TestTargetID = A8F86A0A1B291104000DA625;
					};
				};
			};
			buildConfigurationList = A8F86A061B291104000DA625 /* Build configuration list for PBXProject "tweetbizz" */;
			compatibilityVersion = "Xcode 3.2";
			developmentRegion = English;
			hasScannedForEncodings = 0;
			knownRegions = (
				en,
				Base,
			);
			mainGroup = A8F86A021B291104000DA625;
			productRefGroup = A8F86A0C1B291105000DA625 /* Products */;
			projectDirPath = "";
			projectRoot = "";
			targets = (
				A8F86A0A1B291104000DA625 /* tweetbizz */,
				A8F86A231B291105000DA625 /* tweetbizzTests */,
			);
		};
/* End PBXProject section */

/* Begin PBXResourcesBuildPhase section */
		A8F86A091B291104000DA625 /* Resources */ = {
			isa = PBXResourcesBuildPhase;
			buildActionMask = 2147483647;
			files = (
				A8F86A1A1B291105000DA625 /* Main.storyboard in Resources */,
				A8F86A1F1B291105000DA625 /* LaunchScreen.xib in Resources */,
				A8F86A1C1B291105000DA625 /* Images.xcassets in Resources */,
			);
			runOnlyForDeploymentPostprocessing = 0;
		};
		A8F86A221B291105000DA625 /* Resources */ = {
			isa = PBXResourcesBuildPhase;
			buildActionMask = 2147483647;
			files = (
			);
			runOnlyForDeploymentPostprocessing = 0;
		};
/* End PBXResourcesBuildPhase section */

/* Begin PBXSourcesBuildPhase section */
		A8F86A071B291104000DA625 /* Sources */ = {
			isa = PBXSourcesBuildPhase;
			buildActionMask = 2147483647;
			files = (
				A8F86A5D1B291335000DA625 /* STTwitterOS.m in Sources */,
				A8F86A571B291335000DA625 /* NSString+STTwitter.m in Sources */,
				A8F86A561B291335000DA625 /* NSError+STTwitter.m in Sources */,
				A8F86A141B291105000DA625 /* AppDelegate.m in Sources */,
				A8F86A621B291335000DA625 /* STHTTPRequest.m in Sources */,
				A8F86A551B291335000DA625 /* NSDateFormatter+STTwitter.m in Sources */,
				A8F86A601B291335000DA625 /* BAVPlistNode.m in Sources */,
				A8F86A591B291335000DA625 /* STTwitterAPI.m in Sources */,
				A8F86A581B291335000DA625 /* STHTTPRequest+STTwitter.m in Sources */,
				A8F86A611B291335000DA625 /* JSONSyntaxHighlight.m in Sources */,
				A8F86A5B1B291335000DA625 /* STTwitterHTML.m in Sources */,
				A8F86A5F1B291335000DA625 /* STTwitterStreamParser.m in Sources */,
				A8F86A5A1B291335000DA625 /* STTwitterAppOnly.m in Sources */,
				A8FB0D501B2A3A1B00E051BA /* LoginViewController.m in Sources */,
				A8F86A5E1B291335000DA625 /* STTwitterOSRequest.m in Sources */,
				A8F86A5C1B291335000DA625 /* STTwitterOAuth.m in Sources */,
				A8F86A111B291105000DA625 /* main.m in Sources */,
			);
			runOnlyForDeploymentPostprocessing = 0;
		};
		A8F86A201B291105000DA625 /* Sources */ = {
			isa = PBXSourcesBuildPhase;
			buildActionMask = 2147483647;
			files = (
				A8F86A2B1B291105000DA625 /* tweetbizzTests.m in Sources */,
			);
			runOnlyForDeploymentPostprocessing = 0;
		};
/* End PBXSourcesBuildPhase section */

/* Begin PBXTargetDependency section */
		A8F86A261B291105000DA625 /* PBXTargetDependency */ = {
			isa = PBXTargetDependency;
			target = A8F86A0A1B291104000DA625 /* tweetbizz */;
			targetProxy = A8F86A251B291105000DA625 /* PBXContainerItemProxy */;
		};
/* End PBXTargetDependency section */

/* Begin PBXVariantGroup section */
		A8F86A181B291105000DA625 /* Main.storyboard */ = {
			isa = PBXVariantGroup;
			children = (
				A8F86A191B291105000DA625 /* Base */,
			);
			name = Main.storyboard;
			sourceTree = "<group>";
		};
		A8F86A1D1B291105000DA625 /* LaunchScreen.xib */ = {
			isa = PBXVariantGroup;
			children = (
				A8F86A1E1B291105000DA625 /* Base */,
			);
			name = LaunchScreen.xib;
			sourceTree = "<group>";
		};
/* End PBXVariantGroup section */

/* Begin XCBuildConfiguration section */
		A8F86A2C1B291105000DA625 /* Debug */ = {
			isa = XCBuildConfiguration;
			buildSettings = {
				ALWAYS_SEARCH_USER_PATHS = NO;
				CLANG_CXX_LANGUAGE_STANDARD = "gnu++0x";
				CLANG_CXX_LIBRARY = "libc++";
				CLANG_ENABLE_MODULES = YES;
				CLANG_ENABLE_OBJC_ARC = YES;
				CLANG_WARN_BOOL_CONVERSION = YES;
				CLANG_WARN_CONSTANT_CONVERSION = YES;
				CLANG_WARN_DIRECT_OBJC_ISA_USAGE = YES_ERROR;
				CLANG_WARN_EMPTY_BODY = YES;
				CLANG_WARN_ENUM_CONVERSION = YES;
				CLANG_WARN_INT_CONVERSION = YES;
				CLANG_WARN_OBJC_ROOT_CLASS = YES_ERROR;
				CLANG_WARN_UNREACHABLE_CODE = YES;
				CLANG_WARN__DUPLICATE_METHOD_MATCH = YES;
				"CODE_SIGN_IDENTITY[sdk=iphoneos*]" = "iPhone Developer";
				COPY_PHASE_STRIP = NO;
				DEBUG_INFORMATION_FORMAT = "dwarf-with-dsym";
				ENABLE_STRICT_OBJC_MSGSEND = YES;
				GCC_C_LANGUAGE_STANDARD = gnu99;
				GCC_DYNAMIC_NO_PIC = NO;
				GCC_NO_COMMON_BLOCKS = YES;
				GCC_OPTIMIZATION_LEVEL = 0;
				GCC_PREPROCESSOR_DEFINITIONS = (
					"DEBUG=1",
					"$(inherited)",
				);
				GCC_SYMBOLS_PRIVATE_EXTERN = NO;
				GCC_WARN_64_TO_32_BIT_CONVERSION = YES;
				GCC_WARN_ABOUT_RETURN_TYPE = YES_ERROR;
				GCC_WARN_UNDECLARED_SELECTOR = YES;
				GCC_WARN_UNINITIALIZED_AUTOS = YES_AGGRESSIVE;
				GCC_WARN_UNUSED_FUNCTION = YES;
				GCC_WARN_UNUSED_VARIABLE = YES;
				IPHONEOS_DEPLOYMENT_TARGET = 8.3;
				MTL_ENABLE_DEBUG_INFO = YES;
				ONLY_ACTIVE_ARCH = YES;
				SDKROOT = iphoneos;
			};
			name = Debug;
		};
		A8F86A2D1B291105000DA625 /* Release */ = {
			isa = XCBuildConfiguration;
			buildSettings = {
				ALWAYS_SEARCH_USER_PATHS = NO;
				CLANG_CXX_LANGUAGE_STANDARD = "gnu++0x";
				CLANG_CXX_LIBRARY = "libc++";
				CLANG_ENABLE_MODULES = YES;
				CLANG_ENABLE_OBJC_ARC = YES;
				CLANG_WARN_BOOL_CONVERSION = YES;
				CLANG_WARN_CONSTANT_CONVERSION = YES;
				CLANG_WARN_DIRECT_OBJC_ISA_USAGE = YES_ERROR;
				CLANG_WARN_EMPTY_BODY = YES;
				CLANG_WARN_ENUM_CONVERSION = YES;
				CLANG_WARN_INT_CONVERSION = YES;
				CLANG_WARN_OBJC_ROOT_CLASS = YES_ERROR;
				CLANG_WARN_UNREACHABLE_CODE = YES;
				CLANG_WARN__DUPLICATE_METHOD_MATCH = YES;
				"CODE_SIGN_IDENTITY[sdk=iphoneos*]" = "iPhone Developer";
				COPY_PHASE_STRIP = NO;
				DEBUG_INFORMATION_FORMAT = "dwarf-with-dsym";
				ENABLE_NS_ASSERTIONS = NO;
				ENABLE_STRICT_OBJC_MSGSEND = YES;
				GCC_C_LANGUAGE_STANDARD = gnu99;
				GCC_NO_COMMON_BLOCKS = YES;
				GCC_WARN_64_TO_32_BIT_CONVERSION = YES;
				GCC_WARN_ABOUT_RETURN_TYPE = YES_ERROR;
				GCC_WARN_UNDECLARED_SELECTOR = YES;
				GCC_WARN_UNINITIALIZED_AUTOS = YES_AGGRESSIVE;
				GCC_WARN_UNUSED_FUNCTION = YES;
				GCC_WARN_UNUSED_VARIABLE = YES;
				IPHONEOS_DEPLOYMENT_TARGET = 8.3;
				MTL_ENABLE_DEBUG_INFO = NO;
				SDKROOT = iphoneos;
				VALIDATE_PRODUCT = YES;
			};
			name = Release;
		};
		A8F86A2F1B291105000DA625 /* Debug */ = {
			isa = XCBuildConfiguration;
			buildSettings = {
				ASSETCATALOG_COMPILER_APPICON_NAME = AppIcon;
				FRAMEWORK_SEARCH_PATHS = (
					"$(inherited)",
					"$(PROJECT_DIR)",
				);
				INFOPLIST_FILE = tweetbizz/Info.plist;
				LD_RUNPATH_SEARCH_PATHS = "$(inherited) @executable_path/Frameworks";
				PRODUCT_NAME = "$(TARGET_NAME)";
			};
			name = Debug;
		};
		A8F86A301B291105000DA625 /* Release */ = {
			isa = XCBuildConfiguration;
			buildSettings = {
				ASSETCATALOG_COMPILER_APPICON_NAME = AppIcon;
				FRAMEWORK_SEARCH_PATHS = (
					"$(inherited)",
					"$(PROJECT_DIR)",
				);
				INFOPLIST_FILE = tweetbizz/Info.plist;
				LD_RUNPATH_SEARCH_PATHS = "$(inherited) @executable_path/Frameworks";
				PRODUCT_NAME = "$(TARGET_NAME)";
			};
			name = Release;
		};
		A8F86A321B291105000DA625 /* Debug */ = {
			isa = XCBuildConfiguration;
			buildSettings = {
				BUNDLE_LOADER = "$(TEST_HOST)";
				FRAMEWORK_SEARCH_PATHS = (
					"$(SDKROOT)/Developer/Library/Frameworks",
					"$(inherited)",
				);
				GCC_PREPROCESSOR_DEFINITIONS = (
					"DEBUG=1",
					"$(inherited)",
				);
				INFOPLIST_FILE = tweetbizzTests/Info.plist;
				LD_RUNPATH_SEARCH_PATHS = "$(inherited) @executable_path/Frameworks @loader_path/Frameworks";
				PRODUCT_NAME = "$(TARGET_NAME)";
				TEST_HOST = "$(BUILT_PRODUCTS_DIR)/tweetbizz.app/tweetbizz";
			};
			name = Debug;
		};
		A8F86A331B291105000DA625 /* Release */ = {
			isa = XCBuildConfiguration;
			buildSettings = {
				BUNDLE_LOADER = "$(TEST_HOST)";
				FRAMEWORK_SEARCH_PATHS = (
					"$(SDKROOT)/Developer/Library/Frameworks",
					"$(inherited)",
				);
				INFOPLIST_FILE = tweetbizzTests/Info.plist;
				LD_RUNPATH_SEARCH_PATHS = "$(inherited) @executable_path/Frameworks @loader_path/Frameworks";
				PRODUCT_NAME = "$(TARGET_NAME)";
				TEST_HOST = "$(BUILT_PRODUCTS_DIR)/tweetbizz.app/tweetbizz";
			};
			name = Release;
		};
/* End XCBuildConfiguration section */

/* Begin XCConfigurationList section */
		A8F86A061B291104000DA625 /* Build configuration list for PBXProject "tweetbizz" */ = {
			isa = XCConfigurationList;
			buildConfigurations = (
				A8F86A2C1B291105000DA625 /* Debug */,
				A8F86A2D1B291105000DA625 /* Release */,
			);
			defaultConfigurationIsVisible = 0;
			defaultConfigurationName = Release;
		};
		A8F86A2E1B291105000DA625 /* Build configuration list for PBXNativeTarget "tweetbizz" */ = {
			isa = XCConfigurationList;
			buildConfigurations = (
				A8F86A2F1B291105000DA625 /* Debug */,
				A8F86A301B291105000DA625 /* Release */,
			);
			defaultConfigurationIsVisible = 0;
			defaultConfigurationName = Release;
		};
		A8F86A311B291105000DA625 /* Build configuration list for PBXNativeTarget "tweetbizzTests" */ = {
			isa = XCConfigurationList;
			buildConfigurations = (
				A8F86A321B291105000DA625 /* Debug */,
				A8F86A331B291105000DA625 /* Release */,
			);
			defaultConfigurationIsVisible = 0;
			defaultConfigurationName = Release;
		};
/* End XCConfigurationList section */
	};
	rootObject = A8F86A031B291104000DA625 /* Project object */;
}
